{
  "version": "4",
  "specifiers": {
    "jsr:@std/bytes@^1.0.0-rc.3": "1.0.0",
    "jsr:@std/bytes@^1.0.3": "1.0.4",
    "jsr:@std/cli@^1.0.9": "1.0.9",
    "jsr:@std/cli@~0.224.5": "0.224.7",
    "jsr:@std/fmt@^1.0.3": "1.0.3",
    "jsr:@std/fmt@~0.225.4": "0.225.4",
    "jsr:@std/io@~0.224.1": "0.224.2",
    "jsr:@std/streams@^1.0.8": "1.0.8",
    "jsr:@std/streams@~0.224.5": "0.224.5"
  },
  "jsr": {
    "@std/bytes@1.0.0": {
      "integrity": "9392e72af80adccaa1197912fa19990ed091cb98d5c9c4344b0c301b22d7c632"
    },
    "@std/bytes@1.0.4": {
      "integrity": "11a0debe522707c95c7b7ef89b478c13fb1583a7cfb9a85674cd2cc2e3a28abc"
    },
    "@std/cli@0.224.7": {
      "integrity": "654ca6477518e5e3a0d3fabafb2789e92b8c0febf1a1d24ba4b567aba94b5977"
    },
    "@std/cli@1.0.9": {
      "integrity": "557e5865af000efbf3f737dcfea5b8ab86453594f4a9cd8d08c9fa83d8e3f3bc"
    },
    "@std/fmt@0.225.4": {
      "integrity": "584c681cf422b70e28959b57e59012823609c087384cbf12d05f67814797fda3"
    },
    "@std/fmt@1.0.3": {
      "integrity": "97765c16aa32245ff4e2204ecf7d8562496a3cb8592340a80e7e554e0bb9149f"
    },
    "@std/io@0.224.2": {
      "integrity": "25ecd4f674527d660ab09e571e15eb541e8eb8a4575f2d20bdbf029374a609b5",
      "dependencies": [
        "jsr:@std/bytes@^1.0.0-rc.3"
      ]
    },
    "@std/streams@0.224.5": {
      "integrity": "bcde7818dd5460d474cdbd674b15f6638b9cd73cd64e52bd852fba2bd4d8ec91",
      "dependencies": [
        "jsr:@std/bytes@^1.0.0-rc.3",
        "jsr:@std/io"
      ]
    },
    "@std/streams@1.0.8": {
      "integrity": "b41332d93d2cf6a82fe4ac2153b930adf1a859392931e2a19d9fabfb6f154fb3",
      "dependencies": [
        "jsr:@std/bytes@^1.0.3"
      ]
    }
  }
}
